
Microsoft Visual Studio Solution File, Format Version 12.00
# Visual Studio Version 17
VisualStudioVersion = 17.4.33110.190
MinimumVisualStudioVersion = 10.0.40219.1
Project("{FAE04EC0-301F-11D3-BF4B-00C04F79EFBC}") = "WpfApp1", "WpfApp1\WpfApp1.csproj", "{EE5D4FF0-4FDA-47B2-9B3A-A0A4AB278764}"
EndProject
Global
	GlobalSection(SolutionConfigurationPlatforms) = preSolution
		Debug|Any CPU = Debug|Any CPU
		Release|Any CPU = Release|Any CPU
	EndGlobalSection
	GlobalSection(ProjectConfigurationPlatforms) = postSolution
		{EE5D4FF0-4FDA-47B2-9B3A-A0A4AB278764}.Debug|Any CPU.ActiveCfg = Debug|Any CPU
		{EE5D4FF0-4FDA-47B2-9B3A-A0A4AB278764}.Debug|Any CPU.Build.0 = Debug|Any CPU
		{EE5D4FF0-4FDA-47B2-9B3A-A0A4AB278764}.Release|Any CPU.ActiveCfg = Release|Any CPU
		{EE5D4FF0-4FDA-47B2-9B3A-A0A4AB278764}.Release|Any CPU.Build.0 = Release|Any CPU
	EndGlobalSection
	GlobalSection(SolutionProperties) = preSolution
		HideSolutionNode = FALSE
	EndGlobalSection
	GlobalSection(ExtensibilityGlobals) = postSolution
		SolutionGuid = {BE82E6CA-A14D-4391-BD9B-BE159CC7485C}
	EndGlobalSection
EndGlobal
